
Microsoft Visual Studio Solution File, Format Version 12.00
# Visual Studio Version 17
VisualStudioVersion = 17.5.33516.290
MinimumVisualStudioVersion = 10.0.40219.1
Project("{FAE04EC0-301F-11D3-BF4B-00C04F79EFBC}") = "星號三角形_delegate", "星號三角形_delegate\星號三角形_delegate.csproj", "{86038D0D-1C16-4994-8F8B-78F7D8522E65}"
EndProject
Global
	GlobalSection(SolutionConfigurationPlatforms) = preSolution
		Debug|Any CPU = Debug|Any CPU
		Release|Any CPU = Release|Any CPU
	EndGlobalSection
	GlobalSection(ProjectConfigurationPlatforms) = postSolution
		{86038D0D-1C16-4994-8F8B-78F7D8522E65}.Debug|Any CPU.ActiveCfg = Debug|Any CPU
		{86038D0D-1C16-4994-8F8B-78F7D8522E65}.Debug|Any CPU.Build.0 = Debug|Any CPU
		{86038D0D-1C16-4994-8F8B-78F7D8522E65}.Release|Any CPU.ActiveCfg = Release|Any CPU
		{86038D0D-1C16-4994-8F8B-78F7D8522E65}.Release|Any CPU.Build.0 = Release|Any CPU
	EndGlobalSection
	GlobalSection(SolutionProperties) = preSolution
		HideSolutionNode = FALSE
	EndGlobalSection
	GlobalSection(ExtensibilityGlobals) = postSolution
		SolutionGuid = {7179F741-A2AD-4BF3-99DE-250D8D6AF518}
	EndGlobalSection
EndGlobal
